# generated by rye
# use `rye lock` or `rye sync` to update this lockfile
#
# last locked with the following flags:
#   pre: false
#   features: []
#   all-features: false
#   with-sources: false
#   generate-hashes: false
#   universal: false

-e file:.
access2thematrix==0.4.4
    # via prosurf
altgraph==0.17.4
    # via macholib
    # via pyinstaller
bokeh==3.5.0
    # via prosurf
contourpy==1.2.1
    # via bokeh
    # via matplotlib
cycler==0.12.1
    # via matplotlib
et-xmlfile==1.1.0
    # via openpyxl
fonttools==4.53.1
    # via matplotlib
iniconfig==2.0.0
    # via pytest
jinja2==3.1.4
    # via bokeh
    # via prosurf
kiwisolver==1.4.5
    # via matplotlib
macholib==1.16.3
    # via pyinstaller
markdown-it-py==3.0.0
    # via rich
markupsafe==2.1.5
    # via jinja2
matplotlib==3.9.1
    # via matplotlib-scalebar
    # via prosurf
    # via seaborn
matplotlib-scalebar==0.8.1
    # via prosurf
mdurl==0.1.2
    # via markdown-it-py
mulfile @ git+https://github.com/matkrin/mulfile@b2918905627f1b90671baeecf8347cfb1395bd7b
    # via prosurf
mypy==1.10.1
mypy-extensions==1.0.0
    # via mypy
nanonispy @ git+https://github.com/matkrin/nanonispy@ed67b592d6b6b23e42d8860974c1e9e15802465a
    # via prosurf
numpy==2.0.0
    # via access2thematrix
    # via bokeh
    # via contourpy
    # via matplotlib
    # via mulfile
    # via nanonispy
    # via opencv-python
    # via pandas
    # via prosurf
    # via seaborn
    # via sm4file
opencv-python==4.10.0.84
    # via prosurf
openpyxl==3.1.5
    # via prosurf
packaging==24.1
    # via bokeh
    # via matplotlib
    # via pyinstaller
    # via pyinstaller-hooks-contrib
    # via pytest
pandas==2.2.2
    # via bokeh
    # via prosurf
    # via seaborn
pillow==10.4.0
    # via bokeh
    # via matplotlib
pluggy==1.5.0
    # via pytest
pygments==2.18.0
    # via rich
pyinstaller==6.9.0
pyinstaller-hooks-contrib==2024.7
    # via pyinstaller
pyparsing==3.1.2
    # via matplotlib
pyqt6==6.7.0
    # via prosurf
pyqt6-qt6==6.7.2
    # via pyqt6
pyqt6-sip==13.8.0
    # via pyqt6
pytest==8.2.2
python-dateutil==2.9.0.post0
    # via matplotlib
    # via pandas
pytz==2024.1
    # via pandas
pyyaml==6.0.1
    # via bokeh
rich==13.7.1
    # via prosurf
seaborn==0.13.2
    # via prosurf
setuptools==71.0.4
    # via pyinstaller
    # via pyinstaller-hooks-contrib
six==1.16.0
    # via access2thematrix
    # via python-dateutil
sm4file @ git+https://github.com/matkrin/sm4file@cd80b559c989b89a611ac28b9109f7a52d2d8b1a
    # via prosurf
tornado==6.4.1
    # via bokeh
typing-extensions==4.12.2
    # via mypy
tzdata==2024.1
    # via pandas
vamas==0.1.1
    # via prosurf
xyzservices==2024.6.0
    # via bokeh
